// !$*UTF8*$!
{
	archiveVersion = 1;
	classes = {
	};
	objectVersion = 50;
	objects = {

/* Begin PBXBuildFile section */
		FE279EF82724443B008C5687 /* AppDelegate.swift in Sources */ = {isa = PBXBuildFile; fileRef = FE279EF72724443B008C5687 /* AppDelegate.swift */; };
		FE279EFA2724443B008C5687 /* SceneDelegate.swift in Sources */ = {isa = PBXBuildFile; fileRef = FE279EF92724443B008C5687 /* SceneDelegate.swift */; };
		FE279EFC2724443B008C5687 /* ViewController.swift in Sources */ = {isa = PBXBuildFile; fileRef = FE279EFB2724443B008C5687 /* ViewController.swift */; };
		FE279EFF2724443B008C5687 /* Main.storyboard in Resources */ = {isa = PBXBuildFile; fileRef = FE279EFD2724443B008C5687 /* Main.storyboard */; };
		FE279F0127244445008C5687 /* Assets.xcassets in Resources */ = {isa = PBXBuildFile; fileRef = FE279F0027244445008C5687 /* Assets.xcassets */; };
		FE279F0427244445008C5687 /* LaunchScreen.storyboard in Resources */ = {isa = PBXBuildFile; fileRef = FE279F0227244445008C5687 /* LaunchScreen.storyboard */; };
		FE279F1A27244445008C5687 /* hw5UITests.swift in Sources */ = {isa = PBXBuildFile; fileRef = FE279F1927244445008C5687 /* hw5UITests.swift */; };
		FE279F34272452AF008C5687 /* Person.json in Resources */ = {isa = PBXBuildFile; fileRef = FE279F33272452AF008C5687 /* Person.json */; };
		FE279F392724554F008C5687 /* Model.swift in Sources */ = {isa = PBXBuildFile; fileRef = FE279F382724554F008C5687 /* Model.swift */; };
		FE279F3E272457AD008C5687 /* FileJsonDecoder.swift in Sources */ = {isa = PBXBuildFile; fileRef = FE279F3D272457AD008C5687 /* FileJsonDecoder.swift */; };
		FE279F46272468BA008C5687 /* PersonCell.swift in Sources */ = {isa = PBXBuildFile; fileRef = FE279F45272468BA008C5687 /* PersonCell.swift */; };
		FEFE62DC272491B4003984D1 /* DataTest.swift in Sources */ = {isa = PBXBuildFile; fileRef = FEFE62DB272491B4003984D1 /* DataTest.swift */; };
		FEFE62FE2724A289003984D1 /* PersonBad.json in Resources */ = {isa = PBXBuildFile; fileRef = FEFE62FC2724A289003984D1 /* PersonBad.json */; };
		FEFE62FF2724A289003984D1 /* Person.json in Resources */ = {isa = PBXBuildFile; fileRef = FEFE62FD2724A289003984D1 /* Person.json */; };
/* End PBXBuildFile section */

/* Begin PBXContainerItemProxy section */
		FE279F0B27244445008C5687 /* PBXContainerItemProxy */ = {
			isa = PBXContainerItemProxy;
			containerPortal = FE279EEC2724443B008C5687 /* Project object */;
			proxyType = 1;
			remoteGlobalIDString = FE279EF32724443B008C5687;
			remoteInfo = hw5;
		};
		FE279F1627244445008C5687 /* PBXContainerItemProxy */ = {
			isa = PBXContainerItemProxy;
			containerPortal = FE279EEC2724443B008C5687 /* Project object */;
			proxyType = 1;
			remoteGlobalIDString = FE279EF32724443B008C5687;
			remoteInfo = hw5;
		};
/* End PBXContainerItemProxy section */

/* Begin PBXFileReference section */
		FE279EF42724443B008C5687 /* hw5.app */ = {isa = PBXFileReference; explicitFileType = wrapper.application; includeInIndex = 0; path = hw5.app; sourceTree = BUILT_PRODUCTS_DIR; };
		FE279EF72724443B008C5687 /* AppDelegate.swift */ = {isa = PBXFileReference; lastKnownFileType = sourcecode.swift; path = AppDelegate.swift; sourceTree = "<group>"; };
		FE279EF92724443B008C5687 /* SceneDelegate.swift */ = {isa = PBXFileReference; lastKnownFileType = sourcecode.swift; path = SceneDelegate.swift; sourceTree = "<group>"; };
		FE279EFB2724443B008C5687 /* ViewController.swift */ = {isa = PBXFileReference; lastKnownFileType = sourcecode.swift; path = ViewController.swift; sourceTree = "<group>"; };
		FE279EFE2724443B008C5687 /* Base */ = {isa = PBXFileReference; lastKnownFileType = file.storyboard; name = Base; path = Base.lproj/Main.storyboard; sourceTree = "<group>"; };
		FE279F0027244445008C5687 /* Assets.xcassets */ = {isa = PBXFileReference; lastKnownFileType = folder.assetcatalog; path = Assets.xcassets; sourceTree = "<group>"; };
		FE279F0327244445008C5687 /* Base */ = {isa = PBXFileReference; lastKnownFileType = file.storyboard; name = Base; path = Base.lproj/LaunchScreen.storyboard; sourceTree = "<group>"; };
		FE279F0527244445008C5687 /* Info.plist */ = {isa = PBXFileReference; lastKnownFileType = text.plist.xml; path = Info.plist; sourceTree = "<group>"; };
		FE279F0A27244445008C5687 /* hw5Tests.xctest */ = {isa = PBXFileReference; explicitFileType = wrapper.cfbundle; includeInIndex = 0; path = hw5Tests.xctest; sourceTree = BUILT_PRODUCTS_DIR; };
		FE279F1027244445008C5687 /* Info.plist */ = {isa = PBXFileReference; lastKnownFileType = text.plist.xml; path = Info.plist; sourceTree = "<group>"; };
		FE279F1527244445008C5687 /* hw5UITests.xctest */ = {isa = PBXFileReference; explicitFileType = wrapper.cfbundle; includeInIndex = 0; path = hw5UITests.xctest; sourceTree = BUILT_PRODUCTS_DIR; };
		FE279F1927244445008C5687 /* hw5UITests.swift */ = {isa = PBXFileReference; lastKnownFileType = sourcecode.swift; path = hw5UITests.swift; sourceTree = "<group>"; };
		FE279F1B27244445008C5687 /* Info.plist */ = {isa = PBXFileReference; lastKnownFileType = text.plist.xml; path = Info.plist; sourceTree = "<group>"; };
		FE279F33272452AF008C5687 /* Person.json */ = {isa = PBXFileReference; lastKnownFileType = text.json; path = Person.json; sourceTree = "<group>"; };
		FE279F382724554F008C5687 /* Model.swift */ = {isa = PBXFileReference; lastKnownFileType = sourcecode.swift; path = Model.swift; sourceTree = "<group>"; };
		FE279F3D272457AD008C5687 /* FileJsonDecoder.swift */ = {isa = PBXFileReference; lastKnownFileType = sourcecode.swift; path = FileJsonDecoder.swift; sourceTree = "<group>"; };
		FE279F45272468BA008C5687 /* PersonCell.swift */ = {isa = PBXFileReference; lastKnownFileType = sourcecode.swift; path = PersonCell.swift; sourceTree = "<group>"; };
		FEFE62DB272491B4003984D1 /* DataTest.swift */ = {isa = PBXFileReference; lastKnownFileType = sourcecode.swift; path = DataTest.swift; sourceTree = "<group>"; };
		FEFE62FC2724A289003984D1 /* PersonBad.json */ = {isa = PBXFileReference; fileEncoding = 4; lastKnownFileType = text.json; path = PersonBad.json; sourceTree = "<group>"; };
		FEFE62FD2724A289003984D1 /* Person.json */ = {isa = PBXFileReference; fileEncoding = 4; lastKnownFileType = text.json; path = Person.json; sourceTree = "<group>"; };
/* End PBXFileReference section */

/* Begin PBXFrameworksBuildPhase section */
		FE279EF12724443B008C5687 /* Frameworks */ = {
			isa = PBXFrameworksBuildPhase;
			buildActionMask = 2147483647;
			files = (
			);
			runOnlyForDeploymentPostprocessing = 0;
		};
		FE279F0727244445008C5687 /* Frameworks */ = {
			isa = PBXFrameworksBuildPhase;
			buildActionMask = 2147483647;
			files = (
			);
			runOnlyForDeploymentPostprocessing = 0;
		};
		FE279F1227244445008C5687 /* Frameworks */ = {
			isa = PBXFrameworksBuildPhase;
			buildActionMask = 2147483647;
			files = (
			);
			runOnlyForDeploymentPostprocessing = 0;
		};
/* End PBXFrameworksBuildPhase section */

/* Begin PBXGroup section */
		FE279EEB2724443B008C5687 = {
			isa = PBXGroup;
			children = (
				FE279EF62724443B008C5687 /* hw5 */,
				FE279F0D27244445008C5687 /* hw5Tests */,
				FE279F1827244445008C5687 /* hw5UITests */,
				FE279EF52724443B008C5687 /* Products */,
			);
			sourceTree = "<group>";
		};
		FE279EF52724443B008C5687 /* Products */ = {
			isa = PBXGroup;
			children = (
				FE279EF42724443B008C5687 /* hw5.app */,
				FE279F0A27244445008C5687 /* hw5Tests.xctest */,
				FE279F1527244445008C5687 /* hw5UITests.xctest */,
			);
			name = Products;
			sourceTree = "<group>";
		};
		FE279EF62724443B008C5687 /* hw5 */ = {
			isa = PBXGroup;
			children = (
				FE279EF72724443B008C5687 /* AppDelegate.swift */,
				FE279EF92724443B008C5687 /* SceneDelegate.swift */,
				FE279F5327247562008C5687 /* Helpers */,
				FE279F54272477A8008C5687 /* Model */,
				FE279F5127247500008C5687 /* View */,
				FE279F5227247528008C5687 /* Controllers */,
				FE279F4A272473AD008C5687 /* Resources */,
			);
			path = hw5;
			sourceTree = "<group>";
		};
		FE279F0D27244445008C5687 /* hw5Tests */ = {
			isa = PBXGroup;
			children = (
				FEFE62FD2724A289003984D1 /* Person.json */,
				FEFE62FC2724A289003984D1 /* PersonBad.json */,
				FEFE62DB272491B4003984D1 /* DataTest.swift */,
				FE279F1027244445008C5687 /* Info.plist */,
			);
			path = hw5Tests;
			sourceTree = "<group>";
		};
		FE279F1827244445008C5687 /* hw5UITests */ = {
			isa = PBXGroup;
			children = (
				FE279F1927244445008C5687 /* hw5UITests.swift */,
				FE279F1B27244445008C5687 /* Info.plist */,
			);
			path = hw5UITests;
			sourceTree = "<group>";
		};
		FE279F4A272473AD008C5687 /* Resources */ = {
			isa = PBXGroup;
			children = (
				FE279F0027244445008C5687 /* Assets.xcassets */,
				FE279F0527244445008C5687 /* Info.plist */,
				FE279EFD2724443B008C5687 /* Main.storyboard */,
				FE279F0227244445008C5687 /* LaunchScreen.storyboard */,
			);
			path = Resources;
			sourceTree = "<group>";
		};
		FE279F5127247500008C5687 /* View */ = {
			isa = PBXGroup;
			children = (
				FE279F45272468BA008C5687 /* PersonCell.swift */,
			);
			path = View;
			sourceTree = "<group>";
		};
		FE279F5227247528008C5687 /* Controllers */ = {
			isa = PBXGroup;
			children = (
				FE279EFB2724443B008C5687 /* ViewController.swift */,
			);
			path = Controllers;
			sourceTree = "<group>";
		};
		FE279F5327247562008C5687 /* Helpers */ = {
			isa = PBXGroup;
			children = (
				FE279F3D272457AD008C5687 /* FileJsonDecoder.swift */,
			);
			path = Helpers;
			sourceTree = "<group>";
		};
		FE279F54272477A8008C5687 /* Model */ = {
			isa = PBXGroup;
			children = (
				FE279F382724554F008C5687 /* Model.swift */,
				FE279F33272452AF008C5687 /* Person.json */,
			);
			path = Model;
			sourceTree = "<group>";
		};
/* End PBXGroup section */

/* Begin PBXNativeTarget section */
		FE279EF32724443B008C5687 /* hw5 */ = {
			isa = PBXNativeTarget;
			buildConfigurationList = FE279F1E27244445008C5687 /* Build configuration list for PBXNativeTarget "hw5" */;
			buildPhases = (
				FE279EF02724443B008C5687 /* Sources */,
				FE279EF12724443B008C5687 /* Frameworks */,
				FE279EF22724443B008C5687 /* Resources */,
			);
			buildRules = (
			);
			dependencies = (
			);
			name = hw5;
			productName = hw5;
			productReference = FE279EF42724443B008C5687 /* hw5.app */;
			productType = "com.apple.product-type.application";
		};
		FE279F0927244445008C5687 /* hw5Tests */ = {
			isa = PBXNativeTarget;
			buildConfigurationList = FE279F2127244445008C5687 /* Build configuration list for PBXNativeTarget "hw5Tests" */;
			buildPhases = (
				FE279F0627244445008C5687 /* Sources */,
				FE279F0727244445008C5687 /* Frameworks */,
				FE279F0827244445008C5687 /* Resources */,
			);
			buildRules = (
			);
			dependencies = (
				FE279F0C27244445008C5687 /* PBXTargetDependency */,
			);
			name = hw5Tests;
			productName = hw5Tests;
			productReference = FE279F0A27244445008C5687 /* hw5Tests.xctest */;
			productType = "com.apple.product-type.bundle.unit-test";
		};
		FE279F1427244445008C5687 /* hw5UITests */ = {
			isa = PBXNativeTarget;
			buildConfigurationList = FE279F2427244445008C5687 /* Build configuration list for PBXNativeTarget "hw5UITests" */;
			buildPhases = (
				FE279F1127244445008C5687 /* Sources */,
				FE279F1227244445008C5687 /* Frameworks */,
				FE279F1327244445008C5687 /* Resources */,
			);
			buildRules = (
			);
			dependencies = (
				FE279F1727244445008C5687 /* PBXTargetDependency */,
			);
			name = hw5UITests;
			productName = hw5UITests;
			productReference = FE279F1527244445008C5687 /* hw5UITests.xctest */;
			productType = "com.apple.product-type.bundle.ui-testing";
		};
/* End PBXNativeTarget section */

/* Begin PBXProject section */
		FE279EEC2724443B008C5687 /* Project object */ = {
			isa = PBXProject;
			attributes = {
				LastSwiftUpdateCheck = 1220;
				LastUpgradeCheck = 1220;
				TargetAttributes = {
					FE279EF32724443B008C5687 = {
						CreatedOnToolsVersion = 12.2;
					};
					FE279F0927244445008C5687 = {
						CreatedOnToolsVersion = 12.2;
						TestTargetID = FE279EF32724443B008C5687;
					};
					FE279F1427244445008C5687 = {
						CreatedOnToolsVersion = 12.2;
						TestTargetID = FE279EF32724443B008C5687;
					};
				};
			};
			buildConfigurationList = FE279EEF2724443B008C5687 /* Build configuration list for PBXProject "hw5" */;
			compatibilityVersion = "Xcode 9.3";
			developmentRegion = en;
			hasScannedForEncodings = 0;
			knownRegions = (
				en,
				Base,
			);
			mainGroup = FE279EEB2724443B008C5687;
			productRefGroup = FE279EF52724443B008C5687 /* Products */;
			projectDirPath = "";
			projectRoot = "";
			targets = (
				FE279EF32724443B008C5687 /* hw5 */,
				FE279F0927244445008C5687 /* hw5Tests */,
				FE279F1427244445008C5687 /* hw5UITests */,
			);
		};
/* End PBXProject section */

/* Begin PBXResourcesBuildPhase section */
		FE279EF22724443B008C5687 /* Resources */ = {
			isa = PBXResourcesBuildPhase;
			buildActionMask = 2147483647;
			files = (
				FE279F0427244445008C5687 /* LaunchScreen.storyboard in Resources */,
				FE279F34272452AF008C5687 /* Person.json in Resources */,
				FE279F0127244445008C5687 /* Assets.xcassets in Resources */,
				FE279EFF2724443B008C5687 /* Main.storyboard in Resources */,
			);
			runOnlyForDeploymentPostprocessing = 0;
		};
		FE279F0827244445008C5687 /* Resources */ = {
			isa = PBXResourcesBuildPhase;
			buildActionMask = 2147483647;
			files = (
				FEFE62FF2724A289003984D1 /* Person.json in Resources */,
				FEFE62FE2724A289003984D1 /* PersonBad.json in Resources */,
			);
			runOnlyForDeploymentPostprocessing = 0;
		};
		FE279F1327244445008C5687 /* Resources */ = {
			isa = PBXResourcesBuildPhase;
			buildActionMask = 2147483647;
			files = (
			);
			runOnlyForDeploymentPostprocessing = 0;
		};
/* End PBXResourcesBuildPhase section */

/* Begin PBXSourcesBuildPhase section */
		FE279EF02724443B008C5687 /* Sources */ = {
			isa = PBXSourcesBuildPhase;
			buildActionMask = 2147483647;
			files = (
				FE279F46272468BA008C5687 /* PersonCell.swift in Sources */,
				FE279EFC2724443B008C5687 /* ViewController.swift in Sources */,
				FE279EF82724443B008C5687 /* AppDelegate.swift in Sources */,
				FE279EFA2724443B008C5687 /* SceneDelegate.swift in Sources */,
				FE279F392724554F008C5687 /* Model.swift in Sources */,
				FE279F3E272457AD008C5687 /* FileJsonDecoder.swift in Sources */,
			);
			runOnlyForDeploymentPostprocessing = 0;
		};
		FE279F0627244445008C5687 /* Sources */ = {
			isa = PBXSourcesBuildPhase;
			buildActionMask = 2147483647;
			files = (
				FEFE62DC272491B4003984D1 /* DataTest.swift in Sources */,
			);
			runOnlyForDeploymentPostprocessing = 0;
		};
		FE279F1127244445008C5687 /* Sources */ = {
			isa = PBXSourcesBuildPhase;
			buildActionMask = 2147483647;
			files = (
				FE279F1A27244445008C5687 /* hw5UITests.swift in Sources */,
			);
			runOnlyForDeploymentPostprocessing = 0;
		};
/* End PBXSourcesBuildPhase section */

/* Begin PBXTargetDependency section */
		FE279F0C27244445008C5687 /* PBXTargetDependency */ = {
			isa = PBXTargetDependency;
			target = FE279EF32724443B008C5687 /* hw5 */;
			targetProxy = FE279F0B27244445008C5687 /* PBXContainerItemProxy */;
		};
		FE279F1727244445008C5687 /* PBXTargetDependency */ = {
			isa = PBXTargetDependency;
			target = FE279EF32724443B008C5687 /* hw5 */;
			targetProxy = FE279F1627244445008C5687 /* PBXContainerItemProxy */;
		};
/* End PBXTargetDependency section */

/* Begin PBXVariantGroup section */
		FE279EFD2724443B008C5687 /* Main.storyboard */ = {
			isa = PBXVariantGroup;
			children = (
				FE279EFE2724443B008C5687 /* Base */,
			);
			name = Main.storyboard;
			sourceTree = "<group>";
		};
		FE279F0227244445008C5687 /* LaunchScreen.storyboard */ = {
			isa = PBXVariantGroup;
			children = (
				FE279F0327244445008C5687 /* Base */,
			);
			name = LaunchScreen.storyboard;
			sourceTree = "<group>";
		};
/* End PBXVariantGroup section */

/* Begin XCBuildConfiguration section */
		FE279F1C27244445008C5687 /* Debug */ = {
			isa = XCBuildConfiguration;
			buildSettings = {
				ALWAYS_SEARCH_USER_PATHS = NO;
				CLANG_ANALYZER_NONNULL = YES;
				CLANG_ANALYZER_NUMBER_OBJECT_CONVERSION = YES_AGGRESSIVE;
				CLANG_CXX_LANGUAGE_STANDARD = "gnu++14";
				CLANG_CXX_LIBRARY = "libc++";
				CLANG_ENABLE_MODULES = YES;
				CLANG_ENABLE_OBJC_ARC = YES;
				CLANG_ENABLE_OBJC_WEAK = YES;
				CLANG_WARN_BLOCK_CAPTURE_AUTORELEASING = YES;
				CLANG_WARN_BOOL_CONVERSION = YES;
				CLANG_WARN_COMMA = YES;
				CLANG_WARN_CONSTANT_CONVERSION = YES;
				CLANG_WARN_DEPRECATED_OBJC_IMPLEMENTATIONS = YES;
				CLANG_WARN_DIRECT_OBJC_ISA_USAGE = YES_ERROR;
				CLANG_WARN_DOCUMENTATION_COMMENTS = YES;
				CLANG_WARN_EMPTY_BODY = YES;
				CLANG_WARN_ENUM_CONVERSION = YES;
				CLANG_WARN_INFINITE_RECURSION = YES;
				CLANG_WARN_INT_CONVERSION = YES;
				CLANG_WARN_NON_LITERAL_NULL_CONVERSION = YES;
				CLANG_WARN_OBJC_IMPLICIT_RETAIN_SELF = YES;
				CLANG_WARN_OBJC_LITERAL_CONVERSION = YES;
				CLANG_WARN_OBJC_ROOT_CLASS = YES_ERROR;
				CLANG_WARN_QUOTED_INCLUDE_IN_FRAMEWORK_HEADER = YES;
				CLANG_WARN_RANGE_LOOP_ANALYSIS = YES;
				CLANG_WARN_STRICT_PROTOTYPES = YES;
				CLANG_WARN_SUSPICIOUS_MOVE = YES;
				CLANG_WARN_UNGUARDED_AVAILABILITY = YES_AGGRESSIVE;
				CLANG_WARN_UNREACHABLE_CODE = YES;
				CLANG_WARN__DUPLICATE_METHOD_MATCH = YES;
				COPY_PHASE_STRIP = NO;
				DEBUG_INFORMATION_FORMAT = dwarf;
				ENABLE_STRICT_OBJC_MSGSEND = YES;
				ENABLE_TESTABILITY = YES;
				GCC_C_LANGUAGE_STANDARD = gnu11;
				GCC_DYNAMIC_NO_PIC = NO;
				GCC_NO_COMMON_BLOCKS = YES;
				GCC_OPTIMIZATION_LEVEL = 0;
				GCC_PREPROCESSOR_DEFINITIONS = (
					"DEBUG=1",
					"$(inherited)",
				);
				GCC_WARN_64_TO_32_BIT_CONVERSION = YES;
				GCC_WARN_ABOUT_RETURN_TYPE = YES_ERROR;
				GCC_WARN_UNDECLARED_SELECTOR = YES;
				GCC_WARN_UNINITIALIZED_AUTOS = YES_AGGRESSIVE;
				GCC_WARN_UNUSED_FUNCTION = YES;
				GCC_WARN_UNUSED_VARIABLE = YES;
				IPHONEOS_DEPLOYMENT_TARGET = 14.2;
				MTL_ENABLE_DEBUG_INFO = INCLUDE_SOURCE;
				MTL_FAST_MATH = YES;
				ONLY_ACTIVE_ARCH = YES;
				SDKROOT = iphoneos;
				SWIFT_ACTIVE_COMPILATION_CONDITIONS = DEBUG;
				SWIFT_OPTIMIZATION_LEVEL = "-Onone";
			};
			name = Debug;
		};
		FE279F1D27244445008C5687 /* Release */ = {
			isa = XCBuildConfiguration;
			buildSettings = {
				ALWAYS_SEARCH_USER_PATHS = NO;
				CLANG_ANALYZER_NONNULL = YES;
				CLANG_ANALYZER_NUMBER_OBJECT_CONVERSION = YES_AGGRESSIVE;
				CLANG_CXX_LANGUAGE_STANDARD = "gnu++14";
				CLANG_CXX_LIBRARY = "libc++";
				CLANG_ENABLE_MODULES = YES;
				CLANG_ENABLE_OBJC_ARC = YES;
				CLANG_ENABLE_OBJC_WEAK = YES;
				CLANG_WARN_BLOCK_CAPTURE_AUTORELEASING = YES;
				CLANG_WARN_BOOL_CONVERSION = YES;
				CLANG_WARN_COMMA = YES;
				CLANG_WARN_CONSTANT_CONVERSION = YES;
				CLANG_WARN_DEPRECATED_OBJC_IMPLEMENTATIONS = YES;
				CLANG_WARN_DIRECT_OBJC_ISA_USAGE = YES_ERROR;
				CLANG_WARN_DOCUMENTATION_COMMENTS = YES;
				CLANG_WARN_EMPTY_BODY = YES;
				CLANG_WARN_ENUM_CONVERSION = YES;
				CLANG_WARN_INFINITE_RECURSION = YES;
				CLANG_WARN_INT_CONVERSION = YES;
				CLANG_WARN_NON_LITERAL_NULL_CONVERSION = YES;
				CLANG_WARN_OBJC_IMPLICIT_RETAIN_SELF = YES;
				CLANG_WARN_OBJC_LITERAL_CONVERSION = YES;
				CLANG_WARN_OBJC_ROOT_CLASS = YES_ERROR;
				CLANG_WARN_QUOTED_INCLUDE_IN_FRAMEWORK_HEADER = YES;
				CLANG_WARN_RANGE_LOOP_ANALYSIS = YES;
				CLANG_WARN_STRICT_PROTOTYPES = YES;
				CLANG_WARN_SUSPICIOUS_MOVE = YES;
				CLANG_WARN_UNGUARDED_AVAILABILITY = YES_AGGRESSIVE;
				CLANG_WARN_UNREACHABLE_CODE = YES;
				CLANG_WARN__DUPLICATE_METHOD_MATCH = YES;
				COPY_PHASE_STRIP = NO;
				DEBUG_INFORMATION_FORMAT = "dwarf-with-dsym";
				ENABLE_NS_ASSERTIONS = NO;
				ENABLE_STRICT_OBJC_MSGSEND = YES;
				GCC_C_LANGUAGE_STANDARD = gnu11;
				GCC_NO_COMMON_BLOCKS = YES;
				GCC_WARN_64_TO_32_BIT_CONVERSION = YES;
				GCC_WARN_ABOUT_RETURN_TYPE = YES_ERROR;
				GCC_WARN_UNDECLARED_SELECTOR = YES;
				GCC_WARN_UNINITIALIZED_AUTOS = YES_AGGRESSIVE;
				GCC_WARN_UNUSED_FUNCTION = YES;
				GCC_WARN_UNUSED_VARIABLE = YES;
				IPHONEOS_DEPLOYMENT_TARGET = 14.2;
				MTL_ENABLE_DEBUG_INFO = NO;
				MTL_FAST_MATH = YES;
				SDKROOT = iphoneos;
				SWIFT_COMPILATION_MODE = wholemodule;
				SWIFT_OPTIMIZATION_LEVEL = "-O";
				VALIDATE_PRODUCT = YES;
			};
			name = Release;
		};
		FE279F1F27244445008C5687 /* Debug */ = {
			isa = XCBuildConfiguration;
			buildSettings = {
				ASSETCATALOG_COMPILER_APPICON_NAME = AppIcon;
				ASSETCATALOG_COMPILER_GLOBAL_ACCENT_COLOR_NAME = AccentColor;
				CODE_SIGN_STYLE = Automatic;
				INFOPLIST_FILE = hw5/Resources/Info.plist;
				LD_RUNPATH_SEARCH_PATHS = (
					"$(inherited)",
					"@executable_path/Frameworks",
				);
				PRODUCT_BUNDLE_IDENTIFIER = apr.hw5;
				PRODUCT_NAME = "$(TARGET_NAME)";
				SWIFT_VERSION = 5.0;
				TARGETED_DEVICE_FAMILY = "1,2";
			};
			name = Debug;
		};
		FE279F2027244445008C5687 /* Release */ = {
			isa = XCBuildConfiguration;
			buildSettings = {
				ASSETCATALOG_COMPILER_APPICON_NAME = AppIcon;
				ASSETCATALOG_COMPILER_GLOBAL_ACCENT_COLOR_NAME = AccentColor;
				CODE_SIGN_STYLE = Automatic;
				INFOPLIST_FILE = hw5/Resources/Info.plist;
				LD_RUNPATH_SEARCH_PATHS = (
					"$(inherited)",
					"@executable_path/Frameworks",
				);
				PRODUCT_BUNDLE_IDENTIFIER = apr.hw5;
				PRODUCT_NAME = "$(TARGET_NAME)";
				SWIFT_VERSION = 5.0;
				TARGETED_DEVICE_FAMILY = "1,2";
			};
			name = Release;
		};
		FE279F2227244445008C5687 /* Debug */ = {
			isa = XCBuildConfiguration;
			buildSettings = {
				ALWAYS_EMBED_SWIFT_STANDARD_LIBRARIES = YES;
				BUNDLE_LOADER = "$(TEST_HOST)";
				CODE_SIGN_STYLE = Automatic;
				INFOPLIST_FILE = hw5Tests/Info.plist;
				IPHONEOS_DEPLOYMENT_TARGET = 14.2;
				LD_RUNPATH_SEARCH_PATHS = (
					"$(inherited)",
					"@executable_path/Frameworks",
					"@loader_path/Frameworks",
				);
				PRODUCT_BUNDLE_IDENTIFIER = apr.hw5Tests;
				PRODUCT_NAME = "$(TARGET_NAME)";
				SWIFT_VERSION = 5.0;
				TARGETED_DEVICE_FAMILY = "1,2";
				TEST_HOST = "$(BUILT_PRODUCTS_DIR)/hw5.app/hw5";
			};
			name = Debug;
		};
		FE279F2327244445008C5687 /* Release */ = {
			isa = XCBuildConfiguration;
			buildSettings = {
				ALWAYS_EMBED_SWIFT_STANDARD_LIBRARIES = YES;
				BUNDLE_LOADER = "$(TEST_HOST)";
				CODE_SIGN_STYLE = Automatic;
				INFOPLIST_FILE = hw5Tests/Info.plist;
				IPHONEOS_DEPLOYMENT_TARGET = 14.2;
				LD_RUNPATH_SEARCH_PATHS = (
					"$(inherited)",
					"@executable_path/Frameworks",
					"@loader_path/Frameworks",
				);
				PRODUCT_BUNDLE_IDENTIFIER = apr.hw5Tests;
				PRODUCT_NAME = "$(TARGET_NAME)";
				SWIFT_VERSION = 5.0;
				TARGETED_DEVICE_FAMILY = "1,2";
				TEST_HOST = "$(BUILT_PRODUCTS_DIR)/hw5.app/hw5";
			};
			name = Release;
		};
		FE279F2527244445008C5687 /* Debug */ = {
			isa = XCBuildConfiguration;
			buildSettings = {
				ALWAYS_EMBED_SWIFT_STANDARD_LIBRARIES = YES;
				CODE_SIGN_STYLE = Automatic;
				INFOPLIST_FILE = hw5UITests/Info.plist;
				LD_RUNPATH_SEARCH_PATHS = (
					"$(inherited)",
					"@executable_path/Frameworks",
					"@loader_path/Frameworks",
				);
				PRODUCT_BUNDLE_IDENTIFIER = apr.hw5UITests;
				PRODUCT_NAME = "$(TARGET_NAME)";
				SWIFT_VERSION = 5.0;
				TARGETED_DEVICE_FAMILY = "1,2";
				TEST_TARGET_NAME = hw5;
			};
			name = Debug;
		};
		FE279F2627244445008C5687 /* Release */ = {
			isa = XCBuildConfiguration;
			buildSettings = {
				ALWAYS_EMBED_SWIFT_STANDARD_LIBRARIES = YES;
				CODE_SIGN_STYLE = Automatic;
				INFOPLIST_FILE = hw5UITests/Info.plist;
				LD_RUNPATH_SEARCH_PATHS = (
					"$(inherited)",
					"@executable_path/Frameworks",
					"@loader_path/Frameworks",
				);
				PRODUCT_BUNDLE_IDENTIFIER = apr.hw5UITests;
				PRODUCT_NAME = "$(TARGET_NAME)";
				SWIFT_VERSION = 5.0;
				TARGETED_DEVICE_FAMILY = "1,2";
				TEST_TARGET_NAME = hw5;
			};
			name = Release;
		};
/* End XCBuildConfiguration section */

/* Begin XCConfigurationList section */
		FE279EEF2724443B008C5687 /* Build configuration list for PBXProject "hw5" */ = {
			isa = XCConfigurationList;
			buildConfigurations = (
				FE279F1C27244445008C5687 /* Debug */,
				FE279F1D27244445008C5687 /* Release */,
			);
			defaultConfigurationIsVisible = 0;
			defaultConfigurationName = Release;
		};
		FE279F1E27244445008C5687 /* Build configuration list for PBXNativeTarget "hw5" */ = {
			isa = XCConfigurationList;
			buildConfigurations = (
				FE279F1F27244445008C5687 /* Debug */,
				FE279F2027244445008C5687 /* Release */,
			);
			defaultConfigurationIsVisible = 0;
			defaultConfigurationName = Release;
		};
		FE279F2127244445008C5687 /* Build configuration list for PBXNativeTarget "hw5Tests" */ = {
			isa = XCConfigurationList;
			buildConfigurations = (
				FE279F2227244445008C5687 /* Debug */,
				FE279F2327244445008C5687 /* Release */,
			);
			defaultConfigurationIsVisible = 0;
			defaultConfigurationName = Release;
		};
		FE279F2427244445008C5687 /* Build configuration list for PBXNativeTarget "hw5UITests" */ = {
			isa = XCConfigurationList;
			buildConfigurations = (
				FE279F2527244445008C5687 /* Debug */,
				FE279F2627244445008C5687 /* Release */,
			);
			defaultConfigurationIsVisible = 0;
			defaultConfigurationName = Release;
		};
/* End XCConfigurationList section */
	};
	rootObject = FE279EEC2724443B008C5687 /* Project object */;
}
